
Microsoft Visual Studio Solution File, Format Version 12.00
# Visual Studio 2013
VisualStudioVersion = 12.0.31101.0
MinimumVisualStudioVersion = 10.0.40219.1
Project("{A0786B88-2ADB-4C21-ABE8-AA2D79766269}") = "proyecto EstudioSemilla", "proyecto EstudioSemilla\proyecto EstudioSemilla.phpproj", "{515889C2-7322-4474-988A-E16DDE7574C3}"
EndProject
Global
	GlobalSection(SolutionConfigurationPlatforms) = preSolution
		Debug|Any CPU = Debug|Any CPU
		Release|Any CPU = Release|Any CPU
	EndGlobalSection
	GlobalSection(ProjectConfigurationPlatforms) = postSolution
		{515889C2-7322-4474-988A-E16DDE7574C3}.Debug|Any CPU.ActiveCfg = Debug|Any CPU
		{515889C2-7322-4474-988A-E16DDE7574C3}.Debug|Any CPU.Build.0 = Debug|Any CPU
		{515889C2-7322-4474-988A-E16DDE7574C3}.Release|Any CPU.ActiveCfg = Release|Any CPU
		{515889C2-7322-4474-988A-E16DDE7574C3}.Release|Any CPU.Build.0 = Release|Any CPU
	EndGlobalSection
	GlobalSection(SolutionProperties) = preSolution
		HideSolutionNode = FALSE
	EndGlobalSection
EndGlobal
